// !$*UTF8*$!
{
	archiveVersion = 1;
	classes = {
	};
	objectVersion = 50;
	objects = {

/* Begin PBXBuildFile section */
		7F11EDBC21E1B0F0006BBF21 /* AppDelegate.swift in Sources */ = {isa = PBXBuildFile; fileRef = 7F11EDBB21E1B0F0006BBF21 /* AppDelegate.swift */; };
		7F11EDC121E1B0F0006BBF21 /* Main.storyboard in Resources */ = {isa = PBXBuildFile; fileRef = 7F11EDBF21E1B0F0006BBF21 /* Main.storyboard */; };
		7F11EDC321E1B0F2006BBF21 /* Assets.xcassets in Resources */ = {isa = PBXBuildFile; fileRef = 7F11EDC221E1B0F2006BBF21 /* Assets.xcassets */; };
		7F11EDC621E1B0F2006BBF21 /* LaunchScreen.storyboard in Resources */ = {isa = PBXBuildFile; fileRef = 7F11EDC421E1B0F2006BBF21 /* LaunchScreen.storyboard */; };
		7F11EDEE21E1B326006BBF21 /* AchievementsPresenter.swift in Sources */ = {isa = PBXBuildFile; fileRef = 7F11EDE821E1B326006BBF21 /* AchievementsPresenter.swift */; };
		7F11EDEF21E1B326006BBF21 /* AchievementsPresenter.swift in Sources */ = {isa = PBXBuildFile; fileRef = 7F11EDE821E1B326006BBF21 /* AchievementsPresenter.swift */; };
		7F11EDF021E1B326006BBF21 /* AchievementsRouter.swift in Sources */ = {isa = PBXBuildFile; fileRef = 7F11EDE921E1B326006BBF21 /* AchievementsRouter.swift */; };
		7F11EDF121E1B326006BBF21 /* AchievementsRouter.swift in Sources */ = {isa = PBXBuildFile; fileRef = 7F11EDE921E1B326006BBF21 /* AchievementsRouter.swift */; };
		7F11EDF221E1B326006BBF21 /* AchievementsViewController.swift in Sources */ = {isa = PBXBuildFile; fileRef = 7F11EDEA21E1B326006BBF21 /* AchievementsViewController.swift */; };
		7F11EDF321E1B326006BBF21 /* AchievementsViewController.swift in Sources */ = {isa = PBXBuildFile; fileRef = 7F11EDEA21E1B326006BBF21 /* AchievementsViewController.swift */; };
		7F11EDF421E1B326006BBF21 /* AchievementsProtocols.swift in Sources */ = {isa = PBXBuildFile; fileRef = 7F11EDEB21E1B326006BBF21 /* AchievementsProtocols.swift */; };
		7F11EDF521E1B326006BBF21 /* AchievementsProtocols.swift in Sources */ = {isa = PBXBuildFile; fileRef = 7F11EDEB21E1B326006BBF21 /* AchievementsProtocols.swift */; };
		7F11EDF621E1B326006BBF21 /* AchievementsInteractor.swift in Sources */ = {isa = PBXBuildFile; fileRef = 7F11EDEC21E1B326006BBF21 /* AchievementsInteractor.swift */; };
		7F11EDF721E1B326006BBF21 /* AchievementsInteractor.swift in Sources */ = {isa = PBXBuildFile; fileRef = 7F11EDEC21E1B326006BBF21 /* AchievementsInteractor.swift */; };
		7F11EDFC21E1B5BD006BBF21 /* AchievementProtocolTests.swift in Sources */ = {isa = PBXBuildFile; fileRef = 7F11EDFB21E1B5BD006BBF21 /* AchievementProtocolTests.swift */; };
		7F11EDFF21E1B8AE006BBF21 /* Achievement.swift in Sources */ = {isa = PBXBuildFile; fileRef = 7F11EDFE21E1B8AE006BBF21 /* Achievement.swift */; };
		7F11EE0021E1B8AE006BBF21 /* Achievement.swift in Sources */ = {isa = PBXBuildFile; fileRef = 7F11EDFE21E1B8AE006BBF21 /* Achievement.swift */; };
		7F11EE0221E1B913006BBF21 /* AchievementTests.swift in Sources */ = {isa = PBXBuildFile; fileRef = 7F11EE0121E1B913006BBF21 /* AchievementTests.swift */; };
		7F11EE0421E1BA4C006BBF21 /* AchievementsFactory.swift in Sources */ = {isa = PBXBuildFile; fileRef = 7F11EE0321E1BA4C006BBF21 /* AchievementsFactory.swift */; };
		7F11EE0521E1BA4C006BBF21 /* AchievementsFactory.swift in Sources */ = {isa = PBXBuildFile; fileRef = 7F11EE0321E1BA4C006BBF21 /* AchievementsFactory.swift */; };
		7F11EE0721E1BEDC006BBF21 /* AchievementsFactoryTests.swift in Sources */ = {isa = PBXBuildFile; fileRef = 7F11EE0621E1BEDC006BBF21 /* AchievementsFactoryTests.swift */; };
		7F11EE0921E1C452006BBF21 /* Header.swift in Sources */ = {isa = PBXBuildFile; fileRef = 7F11EE0821E1C452006BBF21 /* Header.swift */; };
		7F11EE0A21E1C452006BBF21 /* Header.swift in Sources */ = {isa = PBXBuildFile; fileRef = 7F11EE0821E1C452006BBF21 /* Header.swift */; };
		7F11EE0C21E1C552006BBF21 /* HeaderTests.swift in Sources */ = {isa = PBXBuildFile; fileRef = 7F11EE0B21E1C552006BBF21 /* HeaderTests.swift */; };
		7F11EE1121E1C7C1006BBF21 /* JSONFormatter.swift in Sources */ = {isa = PBXBuildFile; fileRef = 7F11EE1021E1C7C0006BBF21 /* JSONFormatter.swift */; };
		7F11EE1221E1C7C1006BBF21 /* JSONFormatter.swift in Sources */ = {isa = PBXBuildFile; fileRef = 7F11EE1021E1C7C0006BBF21 /* JSONFormatter.swift */; };
		7F11EE1521E1C7F4006BBF21 /* achievements.json in Resources */ = {isa = PBXBuildFile; fileRef = 7F11EE1421E1C7F4006BBF21 /* achievements.json */; };
		7F11EE1621E1C7F4006BBF21 /* achievements.json in Resources */ = {isa = PBXBuildFile; fileRef = 7F11EE1421E1C7F4006BBF21 /* achievements.json */; };
		7F11EE1821E1C84C006BBF21 /* JSONFormatterTests.swift in Sources */ = {isa = PBXBuildFile; fileRef = 7F11EE1721E1C84C006BBF21 /* JSONFormatterTests.swift */; };
		7FF751DF21E1ED6A0062C600 /* AchievementCell.swift in Sources */ = {isa = PBXBuildFile; fileRef = 7FF751DD21E1ED6A0062C600 /* AchievementCell.swift */; };
		7FF751E021E1ED6A0062C600 /* AchievementCell.xib in Resources */ = {isa = PBXBuildFile; fileRef = 7FF751DE21E1ED6A0062C600 /* AchievementCell.xib */; };
		7FF751E321E1EEB70062C600 /* TableViewController.swift in Sources */ = {isa = PBXBuildFile; fileRef = 7FF751E221E1EEB70062C600 /* TableViewController.swift */; };
		7FF751E521E1F2330062C600 /* AchievementsRouterTests.swift in Sources */ = {isa = PBXBuildFile; fileRef = 7FF751E421E1F2330062C600 /* AchievementsRouterTests.swift */; };
		7FF751E621E1F3150062C600 /* AchievementCell.swift in Sources */ = {isa = PBXBuildFile; fileRef = 7FF751DD21E1ED6A0062C600 /* AchievementCell.swift */; };
		7FF751E821E2923A0062C600 /* AchievementsInteractorTests.swift in Sources */ = {isa = PBXBuildFile; fileRef = 7FF751E721E2923A0062C600 /* AchievementsInteractorTests.swift */; };
		7FF751ED21E2BB940062C600 /* Structs.swift in Sources */ = {isa = PBXBuildFile; fileRef = 7FF751EC21E2BB940062C600 /* Structs.swift */; };
/* End PBXBuildFile section */

/* Begin PBXContainerItemProxy section */
		7F11EDCD21E1B0F2006BBF21 /* PBXContainerItemProxy */ = {
			isa = PBXContainerItemProxy;
			containerPortal = 7F11EDB021E1B0F0006BBF21 /* Project object */;
			proxyType = 1;
			remoteGlobalIDString = 7F11EDB721E1B0F0006BBF21;
			remoteInfo = SmartInvesting;
		};
/* End PBXContainerItemProxy section */

/* Begin PBXFileReference section */
		7F11EDB821E1B0F0006BBF21 /* SmartInvesting.app */ = {isa = PBXFileReference; explicitFileType = wrapper.application; includeInIndex = 0; path = SmartInvesting.app; sourceTree = BUILT_PRODUCTS_DIR; };
		7F11EDBB21E1B0F0006BBF21 /* AppDelegate.swift */ = {isa = PBXFileReference; lastKnownFileType = sourcecode.swift; path = AppDelegate.swift; sourceTree = "<group>"; };
		7F11EDC021E1B0F0006BBF21 /* Base */ = {isa = PBXFileReference; lastKnownFileType = file.storyboard; name = Base; path = Base.lproj/Main.storyboard; sourceTree = "<group>"; };
		7F11EDC221E1B0F2006BBF21 /* Assets.xcassets */ = {isa = PBXFileReference; lastKnownFileType = folder.assetcatalog; path = Assets.xcassets; sourceTree = "<group>"; };
		7F11EDC521E1B0F2006BBF21 /* Base */ = {isa = PBXFileReference; lastKnownFileType = file.storyboard; name = Base; path = Base.lproj/LaunchScreen.storyboard; sourceTree = "<group>"; };
		7F11EDC721E1B0F2006BBF21 /* Info.plist */ = {isa = PBXFileReference; lastKnownFileType = text.plist.xml; path = Info.plist; sourceTree = "<group>"; };
		7F11EDCC21E1B0F2006BBF21 /* SmartInvestingTests.xctest */ = {isa = PBXFileReference; explicitFileType = wrapper.cfbundle; includeInIndex = 0; path = SmartInvestingTests.xctest; sourceTree = BUILT_PRODUCTS_DIR; };
		7F11EDD221E1B0F2006BBF21 /* Info.plist */ = {isa = PBXFileReference; lastKnownFileType = text.plist.xml; path = Info.plist; sourceTree = "<group>"; };
		7F11EDE821E1B326006BBF21 /* AchievementsPresenter.swift */ = {isa = PBXFileReference; lastKnownFileType = sourcecode.swift; path = AchievementsPresenter.swift; sourceTree = "<group>"; };
		7F11EDE921E1B326006BBF21 /* AchievementsRouter.swift */ = {isa = PBXFileReference; lastKnownFileType = sourcecode.swift; path = AchievementsRouter.swift; sourceTree = "<group>"; };
		7F11EDEA21E1B326006BBF21 /* AchievementsViewController.swift */ = {isa = PBXFileReference; lastKnownFileType = sourcecode.swift; path = AchievementsViewController.swift; sourceTree = "<group>"; };
		7F11EDEB21E1B326006BBF21 /* AchievementsProtocols.swift */ = {isa = PBXFileReference; lastKnownFileType = sourcecode.swift; path = AchievementsProtocols.swift; sourceTree = "<group>"; };
		7F11EDEC21E1B326006BBF21 /* AchievementsInteractor.swift */ = {isa = PBXFileReference; lastKnownFileType = sourcecode.swift; path = AchievementsInteractor.swift; sourceTree = "<group>"; };
		7F11EDFB21E1B5BD006BBF21 /* AchievementProtocolTests.swift */ = {isa = PBXFileReference; lastKnownFileType = sourcecode.swift; path = AchievementProtocolTests.swift; sourceTree = "<group>"; };
		7F11EDFE21E1B8AE006BBF21 /* Achievement.swift */ = {isa = PBXFileReference; lastKnownFileType = sourcecode.swift; path = Achievement.swift; sourceTree = "<group>"; };
		7F11EE0121E1B913006BBF21 /* AchievementTests.swift */ = {isa = PBXFileReference; lastKnownFileType = sourcecode.swift; path = AchievementTests.swift; sourceTree = "<group>"; };
		7F11EE0321E1BA4C006BBF21 /* AchievementsFactory.swift */ = {isa = PBXFileReference; lastKnownFileType = sourcecode.swift; path = AchievementsFactory.swift; sourceTree = "<group>"; };
		7F11EE0621E1BEDC006BBF21 /* AchievementsFactoryTests.swift */ = {isa = PBXFileReference; lastKnownFileType = sourcecode.swift; path = AchievementsFactoryTests.swift; sourceTree = "<group>"; };
		7F11EE0821E1C452006BBF21 /* Header.swift */ = {isa = PBXFileReference; lastKnownFileType = sourcecode.swift; path = Header.swift; sourceTree = "<group>"; };
		7F11EE0B21E1C552006BBF21 /* HeaderTests.swift */ = {isa = PBXFileReference; lastKnownFileType = sourcecode.swift; path = HeaderTests.swift; sourceTree = "<group>"; };
		7F11EE1021E1C7C0006BBF21 /* JSONFormatter.swift */ = {isa = PBXFileReference; fileEncoding = 4; lastKnownFileType = sourcecode.swift; path = JSONFormatter.swift; sourceTree = "<group>"; };
		7F11EE1421E1C7F4006BBF21 /* achievements.json */ = {isa = PBXFileReference; fileEncoding = 4; lastKnownFileType = text.json; path = achievements.json; sourceTree = "<group>"; };
		7F11EE1721E1C84C006BBF21 /* JSONFormatterTests.swift */ = {isa = PBXFileReference; lastKnownFileType = sourcecode.swift; path = JSONFormatterTests.swift; sourceTree = "<group>"; };
		7FF751DD21E1ED6A0062C600 /* AchievementCell.swift */ = {isa = PBXFileReference; lastKnownFileType = sourcecode.swift; path = AchievementCell.swift; sourceTree = "<group>"; };
		7FF751DE21E1ED6A0062C600 /* AchievementCell.xib */ = {isa = PBXFileReference; lastKnownFileType = file.xib; path = AchievementCell.xib; sourceTree = "<group>"; };
		7FF751E221E1EEB70062C600 /* TableViewController.swift */ = {isa = PBXFileReference; lastKnownFileType = sourcecode.swift; path = TableViewController.swift; sourceTree = "<group>"; };
		7FF751E421E1F2330062C600 /* AchievementsRouterTests.swift */ = {isa = PBXFileReference; lastKnownFileType = sourcecode.swift; path = AchievementsRouterTests.swift; sourceTree = "<group>"; };
		7FF751E721E2923A0062C600 /* AchievementsInteractorTests.swift */ = {isa = PBXFileReference; lastKnownFileType = sourcecode.swift; path = AchievementsInteractorTests.swift; sourceTree = "<group>"; };
		7FF751EC21E2BB940062C600 /* Structs.swift */ = {isa = PBXFileReference; lastKnownFileType = sourcecode.swift; path = Structs.swift; sourceTree = "<group>"; };
/* End PBXFileReference section */

/* Begin PBXFrameworksBuildPhase section */
		7F11EDB521E1B0F0006BBF21 /* Frameworks */ = {
			isa = PBXFrameworksBuildPhase;
			buildActionMask = 2147483647;
			files = (
			);
			runOnlyForDeploymentPostprocessing = 0;
		};
		7F11EDC921E1B0F2006BBF21 /* Frameworks */ = {
			isa = PBXFrameworksBuildPhase;
			buildActionMask = 2147483647;
			files = (
			);
			runOnlyForDeploymentPostprocessing = 0;
		};
/* End PBXFrameworksBuildPhase section */

/* Begin PBXGroup section */
		7F11EDAF21E1B0F0006BBF21 = {
			isa = PBXGroup;
			children = (
				7F11EDBA21E1B0F0006BBF21 /* SmartInvesting */,
				7F11EDCF21E1B0F2006BBF21 /* SmartInvestingTests */,
				7F11EDB921E1B0F0006BBF21 /* Products */,
			);
			sourceTree = "<group>";
		};
		7F11EDB921E1B0F0006BBF21 /* Products */ = {
			isa = PBXGroup;
			children = (
				7F11EDB821E1B0F0006BBF21 /* SmartInvesting.app */,
				7F11EDCC21E1B0F2006BBF21 /* SmartInvestingTests.xctest */,
			);
			name = Products;
			sourceTree = "<group>";
		};
		7F11EDBA21E1B0F0006BBF21 /* SmartInvesting */ = {
			isa = PBXGroup;
			children = (
				7FF751EB21E2A17A0062C600 /* Modules */,
				7FF751E121E1ED780062C600 /* Cells */,
				7F11EE1321E1C7D2006BBF21 /* Resources */,
				7F11EDFA21E1B394006BBF21 /* Utilities */,
				7F11EDFD21E1B894006BBF21 /* Entities */,
				7F11EDBB21E1B0F0006BBF21 /* AppDelegate.swift */,
				7F11EDBF21E1B0F0006BBF21 /* Main.storyboard */,
				7F11EDC221E1B0F2006BBF21 /* Assets.xcassets */,
				7F11EDC421E1B0F2006BBF21 /* LaunchScreen.storyboard */,
				7F11EDC721E1B0F2006BBF21 /* Info.plist */,
				7FF751E221E1EEB70062C600 /* TableViewController.swift */,
			);
			path = SmartInvesting;
			sourceTree = "<group>";
		};
		7F11EDCF21E1B0F2006BBF21 /* SmartInvestingTests */ = {
			isa = PBXGroup;
			children = (
				7F11EDD221E1B0F2006BBF21 /* Info.plist */,
				7F11EDFB21E1B5BD006BBF21 /* AchievementProtocolTests.swift */,
				7F11EE0121E1B913006BBF21 /* AchievementTests.swift */,
				7F11EE0621E1BEDC006BBF21 /* AchievementsFactoryTests.swift */,
				7F11EE0B21E1C552006BBF21 /* HeaderTests.swift */,
				7F11EE1721E1C84C006BBF21 /* JSONFormatterTests.swift */,
				7FF751E421E1F2330062C600 /* AchievementsRouterTests.swift */,
				7FF751E721E2923A0062C600 /* AchievementsInteractorTests.swift */,
			);
			path = SmartInvestingTests;
			sourceTree = "<group>";
		};
		7F11EDDB21E1B2DF006BBF21 /* Achievements */ = {
			isa = PBXGroup;
			children = (
				7F11EDE821E1B326006BBF21 /* AchievementsPresenter.swift */,
				7F11EDE921E1B326006BBF21 /* AchievementsRouter.swift */,
				7F11EDEA21E1B326006BBF21 /* AchievementsViewController.swift */,
				7F11EDEB21E1B326006BBF21 /* AchievementsProtocols.swift */,
				7F11EDEC21E1B326006BBF21 /* AchievementsInteractor.swift */,
			);
			path = Achievements;
			sourceTree = "<group>";
		};
		7F11EDFA21E1B394006BBF21 /* Utilities */ = {
			isa = PBXGroup;
			children = (
				7F11EE1021E1C7C0006BBF21 /* JSONFormatter.swift */,
				7F11EE0321E1BA4C006BBF21 /* AchievementsFactory.swift */,
				7FF751EC21E2BB940062C600 /* Structs.swift */,
			);
			path = Utilities;
			sourceTree = "<group>";
		};
		7F11EDFD21E1B894006BBF21 /* Entities */ = {
			isa = PBXGroup;
			children = (
				7F11EDFE21E1B8AE006BBF21 /* Achievement.swift */,
				7F11EE0821E1C452006BBF21 /* Header.swift */,
			);
			path = Entities;
			sourceTree = "<group>";
		};
		7F11EE1321E1C7D2006BBF21 /* Resources */ = {
			isa = PBXGroup;
			children = (
				7F11EE1421E1C7F4006BBF21 /* achievements.json */,
			);
			path = Resources;
			sourceTree = "<group>";
		};
		7FF751E121E1ED780062C600 /* Cells */ = {
			isa = PBXGroup;
			children = (
				7FF751DD21E1ED6A0062C600 /* AchievementCell.swift */,
				7FF751DE21E1ED6A0062C600 /* AchievementCell.xib */,
			);
			path = Cells;
			sourceTree = "<group>";
		};
		7FF751EB21E2A17A0062C600 /* Modules */ = {
			isa = PBXGroup;
			children = (
				7F11EDDB21E1B2DF006BBF21 /* Achievements */,
			);
			path = Modules;
			sourceTree = "<group>";
		};
/* End PBXGroup section */

/* Begin PBXNativeTarget section */
		7F11EDB721E1B0F0006BBF21 /* SmartInvesting */ = {
			isa = PBXNativeTarget;
			buildConfigurationList = 7F11EDD521E1B0F2006BBF21 /* Build configuration list for PBXNativeTarget "SmartInvesting" */;
			buildPhases = (
				7F11EDB421E1B0F0006BBF21 /* Sources */,
				7F11EDB521E1B0F0006BBF21 /* Frameworks */,
				7F11EDB621E1B0F0006BBF21 /* Resources */,
			);
			buildRules = (
			);
			dependencies = (
			);
			name = SmartInvesting;
			productName = SmartInvesting;
			productReference = 7F11EDB821E1B0F0006BBF21 /* SmartInvesting.app */;
			productType = "com.apple.product-type.application";
		};
		7F11EDCB21E1B0F2006BBF21 /* SmartInvestingTests */ = {
			isa = PBXNativeTarget;
			buildConfigurationList = 7F11EDD821E1B0F2006BBF21 /* Build configuration list for PBXNativeTarget "SmartInvestingTests" */;
			buildPhases = (
				7F11EDC821E1B0F2006BBF21 /* Sources */,
				7F11EDC921E1B0F2006BBF21 /* Frameworks */,
				7F11EDCA21E1B0F2006BBF21 /* Resources */,
			);
			buildRules = (
			);
			dependencies = (
				7F11EDCE21E1B0F2006BBF21 /* PBXTargetDependency */,
			);
			name = SmartInvestingTests;
			productName = SmartInvestingTests;
			productReference = 7F11EDCC21E1B0F2006BBF21 /* SmartInvestingTests.xctest */;
			productType = "com.apple.product-type.bundle.unit-test";
		};
/* End PBXNativeTarget section */

/* Begin PBXProject section */
		7F11EDB021E1B0F0006BBF21 /* Project object */ = {
			isa = PBXProject;
			attributes = {
				LastSwiftUpdateCheck = 1000;
				LastUpgradeCheck = 1000;
				ORGANIZATIONNAME = "Marcos Garcia";
				TargetAttributes = {
					7F11EDB721E1B0F0006BBF21 = {
						CreatedOnToolsVersion = 10.0;
					};
					7F11EDCB21E1B0F2006BBF21 = {
						CreatedOnToolsVersion = 10.0;
						TestTargetID = 7F11EDB721E1B0F0006BBF21;
					};
				};
			};
			buildConfigurationList = 7F11EDB321E1B0F0006BBF21 /* Build configuration list for PBXProject "SmartInvesting" */;
			compatibilityVersion = "Xcode 9.3";
			developmentRegion = en;
			hasScannedForEncodings = 0;
			knownRegions = (
				en,
				Base,
			);
			mainGroup = 7F11EDAF21E1B0F0006BBF21;
			productRefGroup = 7F11EDB921E1B0F0006BBF21 /* Products */;
			projectDirPath = "";
			projectRoot = "";
			targets = (
				7F11EDB721E1B0F0006BBF21 /* SmartInvesting */,
				7F11EDCB21E1B0F2006BBF21 /* SmartInvestingTests */,
			);
		};
/* End PBXProject section */

/* Begin PBXResourcesBuildPhase section */
		7F11EDB621E1B0F0006BBF21 /* Resources */ = {
			isa = PBXResourcesBuildPhase;
			buildActionMask = 2147483647;
			files = (
				7F11EDC621E1B0F2006BBF21 /* LaunchScreen.storyboard in Resources */,
				7F11EE1521E1C7F4006BBF21 /* achievements.json in Resources */,
				7F11EDC321E1B0F2006BBF21 /* Assets.xcassets in Resources */,
				7F11EDC121E1B0F0006BBF21 /* Main.storyboard in Resources */,
				7FF751E021E1ED6A0062C600 /* AchievementCell.xib in Resources */,
			);
			runOnlyForDeploymentPostprocessing = 0;
		};
		7F11EDCA21E1B0F2006BBF21 /* Resources */ = {
			isa = PBXResourcesBuildPhase;
			buildActionMask = 2147483647;
			files = (
				7F11EE1621E1C7F4006BBF21 /* achievements.json in Resources */,
			);
			runOnlyForDeploymentPostprocessing = 0;
		};
/* End PBXResourcesBuildPhase section */

/* Begin PBXSourcesBuildPhase section */
		7F11EDB421E1B0F0006BBF21 /* Sources */ = {
			isa = PBXSourcesBuildPhase;
			buildActionMask = 2147483647;
			files = (
				7F11EE0421E1BA4C006BBF21 /* AchievementsFactory.swift in Sources */,
				7F11EE0921E1C452006BBF21 /* Header.swift in Sources */,
				7FF751ED21E2BB940062C600 /* Structs.swift in Sources */,
				7F11EDF021E1B326006BBF21 /* AchievementsRouter.swift in Sources */,
				7F11EDEE21E1B326006BBF21 /* AchievementsPresenter.swift in Sources */,
				7F11EDFF21E1B8AE006BBF21 /* Achievement.swift in Sources */,
				7F11EDBC21E1B0F0006BBF21 /* AppDelegate.swift in Sources */,
				7F11EDF621E1B326006BBF21 /* AchievementsInteractor.swift in Sources */,
				7FF751E321E1EEB70062C600 /* TableViewController.swift in Sources */,
				7F11EDF221E1B326006BBF21 /* AchievementsViewController.swift in Sources */,
				7FF751DF21E1ED6A0062C600 /* AchievementCell.swift in Sources */,
				7F11EE1121E1C7C1006BBF21 /* JSONFormatter.swift in Sources */,
				7F11EDF421E1B326006BBF21 /* AchievementsProtocols.swift in Sources */,
			);
			runOnlyForDeploymentPostprocessing = 0;
		};
		7F11EDC821E1B0F2006BBF21 /* Sources */ = {
			isa = PBXSourcesBuildPhase;
			buildActionMask = 2147483647;
			files = (
				7F11EE1221E1C7C1006BBF21 /* JSONFormatter.swift in Sources */,
				7F11EE0721E1BEDC006BBF21 /* AchievementsFactoryTests.swift in Sources */,
				7F11EDF721E1B326006BBF21 /* AchievementsInteractor.swift in Sources */,
				7F11EDFC21E1B5BD006BBF21 /* AchievementProtocolTests.swift in Sources */,
				7F11EDF321E1B326006BBF21 /* AchievementsViewController.swift in Sources */,
				7F11EE0C21E1C552006BBF21 /* HeaderTests.swift in Sources */,
				7FF751E521E1F2330062C600 /* AchievementsRouterTests.swift in Sources */,
				7F11EDF121E1B326006BBF21 /* AchievementsRouter.swift in Sources */,
				7FF751E821E2923A0062C600 /* AchievementsInteractorTests.swift in Sources */,
				7F11EE0A21E1C452006BBF21 /* Header.swift in Sources */,
				7FF751E621E1F3150062C600 /* AchievementCell.swift in Sources */,
				7F11EE0521E1BA4C006BBF21 /* AchievementsFactory.swift in Sources */,
				7F11EDEF21E1B326006BBF21 /* AchievementsPresenter.swift in Sources */,
				7F11EE0021E1B8AE006BBF21 /* Achievement.swift in Sources */,
				7F11EE0221E1B913006BBF21 /* AchievementTests.swift in Sources */,
				7F11EE1821E1C84C006BBF21 /* JSONFormatterTests.swift in Sources */,
				7F11EDF521E1B326006BBF21 /* AchievementsProtocols.swift in Sources */,
			);
			runOnlyForDeploymentPostprocessing = 0;
		};
/* End PBXSourcesBuildPhase section */

/* Begin PBXTargetDependency section */
		7F11EDCE21E1B0F2006BBF21 /* PBXTargetDependency */ = {
			isa = PBXTargetDependency;
			target = 7F11EDB721E1B0F0006BBF21 /* SmartInvesting */;
			targetProxy = 7F11EDCD21E1B0F2006BBF21 /* PBXContainerItemProxy */;
		};
/* End PBXTargetDependency section */

/* Begin PBXVariantGroup section */
		7F11EDBF21E1B0F0006BBF21 /* Main.storyboard */ = {
			isa = PBXVariantGroup;
			children = (
				7F11EDC021E1B0F0006BBF21 /* Base */,
			);
			name = Main.storyboard;
			sourceTree = "<group>";
		};
		7F11EDC421E1B0F2006BBF21 /* LaunchScreen.storyboard */ = {
			isa = PBXVariantGroup;
			children = (
				7F11EDC521E1B0F2006BBF21 /* Base */,
			);
			name = LaunchScreen.storyboard;
			sourceTree = "<group>";
		};
/* End PBXVariantGroup section */

/* Begin XCBuildConfiguration section */
		7F11EDD321E1B0F2006BBF21 /* Debug */ = {
			isa = XCBuildConfiguration;
			buildSettings = {
				ALWAYS_SEARCH_USER_PATHS = NO;
				CLANG_ANALYZER_NONNULL = YES;
				CLANG_ANALYZER_NUMBER_OBJECT_CONVERSION = YES_AGGRESSIVE;
				CLANG_CXX_LANGUAGE_STANDARD = "gnu++14";
				CLANG_CXX_LIBRARY = "libc++";
				CLANG_ENABLE_MODULES = YES;
				CLANG_ENABLE_OBJC_ARC = YES;
				CLANG_ENABLE_OBJC_WEAK = YES;
				CLANG_WARN_BLOCK_CAPTURE_AUTORELEASING = YES;
				CLANG_WARN_BOOL_CONVERSION = YES;
				CLANG_WARN_COMMA = YES;
				CLANG_WARN_CONSTANT_CONVERSION = YES;
				CLANG_WARN_DEPRECATED_OBJC_IMPLEMENTATIONS = YES;
				CLANG_WARN_DIRECT_OBJC_ISA_USAGE = YES_ERROR;
				CLANG_WARN_DOCUMENTATION_COMMENTS = YES;
				CLANG_WARN_EMPTY_BODY = YES;
				CLANG_WARN_ENUM_CONVERSION = YES;
				CLANG_WARN_INFINITE_RECURSION = YES;
				CLANG_WARN_INT_CONVERSION = YES;
				CLANG_WARN_NON_LITERAL_NULL_CONVERSION = YES;
				CLANG_WARN_OBJC_IMPLICIT_RETAIN_SELF = YES;
				CLANG_WARN_OBJC_LITERAL_CONVERSION = YES;
				CLANG_WARN_OBJC_ROOT_CLASS = YES_ERROR;
				CLANG_WARN_RANGE_LOOP_ANALYSIS = YES;
				CLANG_WARN_STRICT_PROTOTYPES = YES;
				CLANG_WARN_SUSPICIOUS_MOVE = YES;
				CLANG_WARN_UNGUARDED_AVAILABILITY = YES_AGGRESSIVE;
				CLANG_WARN_UNREACHABLE_CODE = YES;
				CLANG_WARN__DUPLICATE_METHOD_MATCH = YES;
				CODE_SIGN_IDENTITY = "iPhone Developer";
				COPY_PHASE_STRIP = NO;
				DEBUG_INFORMATION_FORMAT = dwarf;
				ENABLE_STRICT_OBJC_MSGSEND = YES;
				ENABLE_TESTABILITY = YES;
				GCC_C_LANGUAGE_STANDARD = gnu11;
				GCC_DYNAMIC_NO_PIC = NO;
				GCC_NO_COMMON_BLOCKS = YES;
				GCC_OPTIMIZATION_LEVEL = 0;
				GCC_PREPROCESSOR_DEFINITIONS = (
					"DEBUG=1",
					"$(inherited)",
				);
				GCC_WARN_64_TO_32_BIT_CONVERSION = YES;
				GCC_WARN_ABOUT_RETURN_TYPE = YES_ERROR;
				GCC_WARN_UNDECLARED_SELECTOR = YES;
				GCC_WARN_UNINITIALIZED_AUTOS = YES_AGGRESSIVE;
				GCC_WARN_UNUSED_FUNCTION = YES;
				GCC_WARN_UNUSED_VARIABLE = YES;
				IPHONEOS_DEPLOYMENT_TARGET = 12.0;
				MTL_ENABLE_DEBUG_INFO = INCLUDE_SOURCE;
				MTL_FAST_MATH = YES;
				ONLY_ACTIVE_ARCH = YES;
				SDKROOT = iphoneos;
				SWIFT_ACTIVE_COMPILATION_CONDITIONS = DEBUG;
				SWIFT_OPTIMIZATION_LEVEL = "-Onone";
			};
			name = Debug;
		};
		7F11EDD421E1B0F2006BBF21 /* Release */ = {
			isa = XCBuildConfiguration;
			buildSettings = {
				ALWAYS_SEARCH_USER_PATHS = NO;
				CLANG_ANALYZER_NONNULL = YES;
				CLANG_ANALYZER_NUMBER_OBJECT_CONVERSION = YES_AGGRESSIVE;
				CLANG_CXX_LANGUAGE_STANDARD = "gnu++14";
				CLANG_CXX_LIBRARY = "libc++";
				CLANG_ENABLE_MODULES = YES;
				CLANG_ENABLE_OBJC_ARC = YES;
				CLANG_ENABLE_OBJC_WEAK = YES;
				CLANG_WARN_BLOCK_CAPTURE_AUTORELEASING = YES;
				CLANG_WARN_BOOL_CONVERSION = YES;
				CLANG_WARN_COMMA = YES;
				CLANG_WARN_CONSTANT_CONVERSION = YES;
				CLANG_WARN_DEPRECATED_OBJC_IMPLEMENTATIONS = YES;
				CLANG_WARN_DIRECT_OBJC_ISA_USAGE = YES_ERROR;
				CLANG_WARN_DOCUMENTATION_COMMENTS = YES;
				CLANG_WARN_EMPTY_BODY = YES;
				CLANG_WARN_ENUM_CONVERSION = YES;
				CLANG_WARN_INFINITE_RECURSION = YES;
				CLANG_WARN_INT_CONVERSION = YES;
				CLANG_WARN_NON_LITERAL_NULL_CONVERSION = YES;
				CLANG_WARN_OBJC_IMPLICIT_RETAIN_SELF = YES;
				CLANG_WARN_OBJC_LITERAL_CONVERSION = YES;
				CLANG_WARN_OBJC_ROOT_CLASS = YES_ERROR;
				CLANG_WARN_RANGE_LOOP_ANALYSIS = YES;
				CLANG_WARN_STRICT_PROTOTYPES = YES;
				CLANG_WARN_SUSPICIOUS_MOVE = YES;
				CLANG_WARN_UNGUARDED_AVAILABILITY = YES_AGGRESSIVE;
				CLANG_WARN_UNREACHABLE_CODE = YES;
				CLANG_WARN__DUPLICATE_METHOD_MATCH = YES;
				CODE_SIGN_IDENTITY = "iPhone Developer";
				COPY_PHASE_STRIP = NO;
				DEBUG_INFORMATION_FORMAT = "dwarf-with-dsym";
				ENABLE_NS_ASSERTIONS = NO;
				ENABLE_STRICT_OBJC_MSGSEND = YES;
				GCC_C_LANGUAGE_STANDARD = gnu11;
				GCC_NO_COMMON_BLOCKS = YES;
				GCC_WARN_64_TO_32_BIT_CONVERSION = YES;
				GCC_WARN_ABOUT_RETURN_TYPE = YES_ERROR;
				GCC_WARN_UNDECLARED_SELECTOR = YES;
				GCC_WARN_UNINITIALIZED_AUTOS = YES_AGGRESSIVE;
				GCC_WARN_UNUSED_FUNCTION = YES;
				GCC_WARN_UNUSED_VARIABLE = YES;
				IPHONEOS_DEPLOYMENT_TARGET = 12.0;
				MTL_ENABLE_DEBUG_INFO = NO;
				MTL_FAST_MATH = YES;
				SDKROOT = iphoneos;
				SWIFT_COMPILATION_MODE = wholemodule;
				SWIFT_OPTIMIZATION_LEVEL = "-O";
				VALIDATE_PRODUCT = YES;
			};
			name = Release;
		};
		7F11EDD621E1B0F2006BBF21 /* Debug */ = {
			isa = XCBuildConfiguration;
			buildSettings = {
				ASSETCATALOG_COMPILER_APPICON_NAME = AppIcon;
				CODE_SIGN_STYLE = Automatic;
				DEVELOPMENT_TEAM = YXC4836V89;
				INFOPLIST_FILE = SmartInvesting/Info.plist;
				LD_RUNPATH_SEARCH_PATHS = (
					"$(inherited)",
					"@executable_path/Frameworks",
				);
				PRODUCT_BUNDLE_IDENTIFIER = com.marcosgn1.SmartInvesting;
				PRODUCT_NAME = "$(TARGET_NAME)";
				SWIFT_VERSION = 4.2;
				TARGETED_DEVICE_FAMILY = "1,2";
			};
			name = Debug;
		};
		7F11EDD721E1B0F2006BBF21 /* Release */ = {
			isa = XCBuildConfiguration;
			buildSettings = {
				ASSETCATALOG_COMPILER_APPICON_NAME = AppIcon;
				CODE_SIGN_STYLE = Automatic;
				DEVELOPMENT_TEAM = YXC4836V89;
				INFOPLIST_FILE = SmartInvesting/Info.plist;
				LD_RUNPATH_SEARCH_PATHS = (
					"$(inherited)",
					"@executable_path/Frameworks",
				);
				PRODUCT_BUNDLE_IDENTIFIER = com.marcosgn1.SmartInvesting;
				PRODUCT_NAME = "$(TARGET_NAME)";
				SWIFT_VERSION = 4.2;
				TARGETED_DEVICE_FAMILY = "1,2";
			};
			name = Release;
		};
		7F11EDD921E1B0F2006BBF21 /* Debug */ = {
			isa = XCBuildConfiguration;
			buildSettings = {
				ALWAYS_EMBED_SWIFT_STANDARD_LIBRARIES = YES;
				BUNDLE_LOADER = "$(TEST_HOST)";
				CODE_SIGN_STYLE = Automatic;
				DEVELOPMENT_TEAM = YXC4836V89;
				INFOPLIST_FILE = SmartInvestingTests/Info.plist;
				LD_RUNPATH_SEARCH_PATHS = (
					"$(inherited)",
					"@executable_path/Frameworks",
					"@loader_path/Frameworks",
				);
				PRODUCT_BUNDLE_IDENTIFIER = com.marcosgn1.SmartInvestingTests;
				PRODUCT_NAME = "$(TARGET_NAME)";
				SWIFT_VERSION = 4.2;
				TARGETED_DEVICE_FAMILY = "1,2";
				TEST_HOST = "$(BUILT_PRODUCTS_DIR)/SmartInvesting.app/SmartInvesting";
			};
			name = Debug;
		};
		7F11EDDA21E1B0F2006BBF21 /* Release */ = {
			isa = XCBuildConfiguration;
			buildSettings = {
				ALWAYS_EMBED_SWIFT_STANDARD_LIBRARIES = YES;
				BUNDLE_LOADER = "$(TEST_HOST)";
				CODE_SIGN_STYLE = Automatic;
				DEVELOPMENT_TEAM = YXC4836V89;
				INFOPLIST_FILE = SmartInvestingTests/Info.plist;
				LD_RUNPATH_SEARCH_PATHS = (
					"$(inherited)",
					"@executable_path/Frameworks",
					"@loader_path/Frameworks",
				);
				PRODUCT_BUNDLE_IDENTIFIER = com.marcosgn1.SmartInvestingTests;
				PRODUCT_NAME = "$(TARGET_NAME)";
				SWIFT_VERSION = 4.2;
				TARGETED_DEVICE_FAMILY = "1,2";
				TEST_HOST = "$(BUILT_PRODUCTS_DIR)/SmartInvesting.app/SmartInvesting";
			};
			name = Release;
		};
/* End XCBuildConfiguration section */

/* Begin XCConfigurationList section */
		7F11EDB321E1B0F0006BBF21 /* Build configuration list for PBXProject "SmartInvesting" */ = {
			isa = XCConfigurationList;
			buildConfigurations = (
				7F11EDD321E1B0F2006BBF21 /* Debug */,
				7F11EDD421E1B0F2006BBF21 /* Release */,
			);
			defaultConfigurationIsVisible = 0;
			defaultConfigurationName = Release;
		};
		7F11EDD521E1B0F2006BBF21 /* Build configuration list for PBXNativeTarget "SmartInvesting" */ = {
			isa = XCConfigurationList;
			buildConfigurations = (
				7F11EDD621E1B0F2006BBF21 /* Debug */,
				7F11EDD721E1B0F2006BBF21 /* Release */,
			);
			defaultConfigurationIsVisible = 0;
			defaultConfigurationName = Release;
		};
		7F11EDD821E1B0F2006BBF21 /* Build configuration list for PBXNativeTarget "SmartInvestingTests" */ = {
			isa = XCConfigurationList;
			buildConfigurations = (
				7F11EDD921E1B0F2006BBF21 /* Debug */,
				7F11EDDA21E1B0F2006BBF21 /* Release */,
			);
			defaultConfigurationIsVisible = 0;
			defaultConfigurationName = Release;
		};
/* End XCConfigurationList section */
	};
	rootObject = 7F11EDB021E1B0F0006BBF21 /* Project object */;
}
